
Microsoft Visual Studio Solution File, Format Version 12.00
# Visual Studio Version 16
VisualStudioVersion = 16.0.31515.178
MinimumVisualStudioVersion = 10.0.40219.1
Project("{FAE04EC0-301F-11D3-BF4B-00C04F79EFBC}") = "CurrencyConvertor", "CurrencyConvertor\CurrencyConvertor.csproj", "{75B7002A-BC38-4926-9842-D02C28773027}"
EndProject
Global
	GlobalSection(SolutionConfigurationPlatforms) = preSolution
		Debug|Any CPU = Debug|Any CPU
		Release|Any CPU = Release|Any CPU
	EndGlobalSection
	GlobalSection(ProjectConfigurationPlatforms) = postSolution
		{75B7002A-BC38-4926-9842-D02C28773027}.Debug|Any CPU.ActiveCfg = Debug|Any CPU
		{75B7002A-BC38-4926-9842-D02C28773027}.Debug|Any CPU.Build.0 = Debug|Any CPU
		{75B7002A-BC38-4926-9842-D02C28773027}.Release|Any CPU.ActiveCfg = Release|Any CPU
		{75B7002A-BC38-4926-9842-D02C28773027}.Release|Any CPU.Build.0 = Release|Any CPU
	EndGlobalSection
	GlobalSection(SolutionProperties) = preSolution
		HideSolutionNode = FALSE
	EndGlobalSection
	GlobalSection(ExtensibilityGlobals) = postSolution
		SolutionGuid = {B560DB6B-2BA6-470C-93A8-4E2148CA7E09}
	EndGlobalSection
EndGlobal
